
Microsoft Visual Studio Solution File, Format Version 12.00
# Visual Studio 15
VisualStudioVersion = 15.0.27004.2006
MinimumVisualStudioVersion = 10.0.40219.1
Project("{FAE04EC0-301F-11D3-BF4B-00C04F79EFBC}") = "NewsWebsite", "NewsWebsite\NewsWebsite.csproj", "{4CCE88E8-9AFE-466C-850D-458D3D2E6587}"
EndProject
Global
	GlobalSection(SolutionConfigurationPlatforms) = preSolution
		Debug|Any CPU = Debug|Any CPU
		Release|Any CPU = Release|Any CPU
	EndGlobalSection
	GlobalSection(ProjectConfigurationPlatforms) = postSolution
		{4CCE88E8-9AFE-466C-850D-458D3D2E6587}.Debug|Any CPU.ActiveCfg = Debug|Any CPU
		{4CCE88E8-9AFE-466C-850D-458D3D2E6587}.Debug|Any CPU.Build.0 = Debug|Any CPU
		{4CCE88E8-9AFE-466C-850D-458D3D2E6587}.Release|Any CPU.ActiveCfg = Release|Any CPU
		{4CCE88E8-9AFE-466C-850D-458D3D2E6587}.Release|Any CPU.Build.0 = Release|Any CPU
	EndGlobalSection
	GlobalSection(SolutionProperties) = preSolution
		HideSolutionNode = FALSE
	EndGlobalSection
	GlobalSection(ExtensibilityGlobals) = postSolution
		SolutionGuid = {A834686D-9D65-43CE-BD96-98A7ADCC1B0C}
	EndGlobalSection
EndGlobal
